
Microsoft Visual Studio Solution File, Format Version 12.00
# Visual Studio Version 17
VisualStudioVersion = 17.9.34714.143
MinimumVisualStudioVersion = 10.0.40219.1
Project("{9A19103F-16F7-4668-BE54-9A1E7A4F7556}") = "TurnUpSpecFlow", "TurnUpSpecFlow\TurnUpSpecFlow.csproj", "{7575F1A5-0326-4C8C-B74F-655F29BD9B96}"
EndProject
Global
	GlobalSection(SolutionConfigurationPlatforms) = preSolution
		Debug|Any CPU = Debug|Any CPU
		Release|Any CPU = Release|Any CPU
	EndGlobalSection
	GlobalSection(ProjectConfigurationPlatforms) = postSolution
		{7575F1A5-0326-4C8C-B74F-655F29BD9B96}.Debug|Any CPU.ActiveCfg = Debug|Any CPU
		{7575F1A5-0326-4C8C-B74F-655F29BD9B96}.Debug|Any CPU.Build.0 = Debug|Any CPU
		{7575F1A5-0326-4C8C-B74F-655F29BD9B96}.Release|Any CPU.ActiveCfg = Release|Any CPU
		{7575F1A5-0326-4C8C-B74F-655F29BD9B96}.Release|Any CPU.Build.0 = Release|Any CPU
	EndGlobalSection
	GlobalSection(SolutionProperties) = preSolution
		HideSolutionNode = FALSE
	EndGlobalSection
	GlobalSection(ExtensibilityGlobals) = postSolution
		SolutionGuid = {C9D6619F-3971-4147-A759-B53A4CE223D8}
	EndGlobalSection
EndGlobal
